<?xml version="1.0" encoding="utf-8"?>
<Project ToolsVersion="4.0" xmlns="http://schemas.microsoft.com/developer/msbuild/2003">
  <ItemGroup>
    <ClCompile Include="src\Player.cpp" />
    <ClCompile Include="src\Trail.cpp" />
    <ClCompile Include="src\utils\BorderLines.cpp">
      <Filter>utils</Filter>
    </ClCompile>
    <ClCompile Include="src\utils\IntroText.cpp">
      <Filter>utils</Filter>
    </ClCompile>
    <ClCompile Include="src\utils\tween.cpp">
      <Filter>utils</Filter>
    </ClCompile>
    <ClCompile Include="src\utils\util.cpp">
      <Filter>utils</Filter>
    </ClCompile>
    <ClCompile Include="src\Survive.cpp" />
    <ClCompile Include="src\GUITest.cpp">
      <Filter>gamestates</Filter>
    </ClCompile>
    <ClCompile Include="src\TestMe.cpp">
      <Filter>gamestates</Filter>
    </ClCompile>
    <ClCompile Include="src\Worms.cpp">
      <Filter>gamestates</Filter>
    </ClCompile>
    <ClCompile Include="src\gamestates\GameOverState.cpp">
      <Filter>gamestates</Filter>
    </ClCompile>
    <ClCompile Include="src\utils\FadingMessage.cpp">
      <Filter>utils</Filter>
    </ClCompile>
    <ClCompile Include="src\GameRenderer.cpp" />
    <ClCompile Include="src\gamestates\StageTest.cpp">
      <Filter>gamestates</Filter>
    </ClCompile>
    <ClCompile Include="src\enemies\BallEmitter.cpp">
      <Filter>enemies</Filter>
    </ClCompile>
    <ClCompile Include="src\enemies\Cubes.cpp">
      <Filter>enemies</Filter>
    </ClCompile>
    <ClCompile Include="src\enemies\EnergyBalls.cpp">
      <Filter>enemies</Filter>
    </ClCompile>
    <ClCompile Include="src\enemies\Behaviors.cpp">
      <Filter>enemies</Filter>
    </ClCompile>
  </ItemGroup>
  <ItemGroup>
    <ClInclude Include="resource.h" />
    <ClInclude Include="src\Player.h" />
    <ClInclude Include="src\Constants.h" />
    <ClInclude Include="src\Trail.h" />
    <ClInclude Include="src\utils\BorderLines.h">
      <Filter>utils</Filter>
    </ClInclude>
    <ClInclude Include="src\utils\GameContext.h">
      <Filter>utils</Filter>
    </ClInclude>
    <ClInclude Include="src\utils\IntroText.h">
      <Filter>utils</Filter>
    </ClInclude>
    <ClInclude Include="src\utils\SettingsConverter.h">
      <Filter>utils</Filter>
    </ClInclude>
    <ClInclude Include="src\utils\tween.h">
      <Filter>utils</Filter>
    </ClInclude>
    <ClInclude Include="src\utils\util.h">
      <Filter>utils</Filter>
    </ClInclude>
    <ClInclude Include="src\Survive.h" />
    <ClInclude Include="src\GUITest.h">
      <Filter>gamestates</Filter>
    </ClInclude>
    <ClInclude Include="src\TestMe.h">
      <Filter>gamestates</Filter>
    </ClInclude>
    <ClInclude Include="src\Worms.h">
      <Filter>gamestates</Filter>
    </ClInclude>
    <ClInclude Include="src\gamestates\GameOverState.h">
      <Filter>gamestates</Filter>
    </ClInclude>
    <ClInclude Include="src\utils\FadingMessage.h">
      <Filter>utils</Filter>
    </ClInclude>
    <ClInclude Include="src\GameRenderer.h" />
    <ClInclude Include="src\gamestates\StageTest.h">
      <Filter>gamestates</Filter>
    </ClInclude>
    <ClInclude Include="src\enemies\BallEmitter.h">
      <Filter>enemies</Filter>
    </ClInclude>
    <ClInclude Include="src\enemies\Cubes.h">
      <Filter>enemies</Filter>
    </ClInclude>
    <ClInclude Include="src\enemies\EnergyBalls.h">
      <Filter>enemies</Filter>
    </ClInclude>
    <ClInclude Include="src\enemies\Behaviors.h">
      <Filter>enemies</Filter>
    </ClInclude>
  </ItemGroup>
  <ItemGroup>
    <ResourceCompile Include="Survive.rc" />
  </ItemGroup>
  <ItemGroup>
    <None Include="TODO.txt" />
    <None Include="Survive.manifest" />
    <None Include="content\resources\bloom.json">
      <Filter>content\resources</Filter>
    </None>
    <None Include="content\resources\gui.json">
      <Filter>content\resources</Filter>
    </None>
    <None Include="content\resources\hud.json">
      <Filter>content\resources</Filter>
    </None>
    <None Include="content\resources\sprites.json">
      <Filter>content\resources</Filter>
    </None>
    <None Include="content\resources\xscale.json">
      <Filter>content\resources</Filter>
    </None>
    <None Include="content\settings\wave_descriptors.json">
      <Filter>content\settings</Filter>
    </None>
    <None Include="content\settings\worms.json">
      <Filter>content\settings</Filter>
    </None>
    <None Include="content\engine_settings.json">
      <Filter>content</Filter>
    </None>
    <None Include="content\resources\sprite_templates.json">
      <Filter>content\resources</Filter>
    </None>
    <None Include="content\resources\cube_definitions.json">
      <Filter>content\resources</Filter>
    </None>
    <None Include="content\resources\wave_definitions.json">
      <Filter>content\resources</Filter>
    </None>
  </ItemGroup>
  <ItemGroup>
    <Filter Include="utils">
      <UniqueIdentifier>{53983712-8534-4fb4-88fd-0c8961dcf536}</UniqueIdentifier>
    </Filter>
    <Filter Include="enemies">
      <UniqueIdentifier>{fba17c75-634e-44ed-b08e-719c01dd8882}</UniqueIdentifier>
    </Filter>
    <Filter Include="content">
      <UniqueIdentifier>{c620ff34-8c13-4630-b841-314d2d7baa2c}</UniqueIdentifier>
    </Filter>
    <Filter Include="content\resources">
      <UniqueIdentifier>{ceab129e-9025-47b0-8dc4-9ab8ebd971a3}</UniqueIdentifier>
    </Filter>
    <Filter Include="content\settings">
      <UniqueIdentifier>{734dcf5e-1029-4097-b0a8-9f2f1b2a0774}</UniqueIdentifier>
    </Filter>
    <Filter Include="gamestates">
      <UniqueIdentifier>{ae3c73a3-981a-4788-9a40-4a30fba0ad9c}</UniqueIdentifier>
    </Filter>
  </ItemGroup>
</Project>